{
  "name": "GameDemo",
  "lockfileVersion": 3,
  "requires": true,
  "packages": {
    "": {
      "name": "GameDemo",
      "dependencies": {
        "@types/javascript-state-machine": "^2.4.6",
        "javascript-state-machine": "^3.1.0"
      },
      "devDependencies": {
        "@types/node": "^25.6.0"
      }
    },
    "node_modules/@types/javascript-state-machine": {
      "version": "2.4.6",
      "resolved": "https://registry.npmjs.org/@types/javascript-state-machine/-/javascript-state-machine-2.4.6.tgz",
      "integrity": "sha512-ERPYa5Hbyz250YNAAVdDSbrGtDPphr7jvj/rVv17YRcW/Ze+GBUqb47Hr/GF23SzZ/L0wzn51Ro8bjtUQYjRJQ==",
      "license": "MIT"
    },
    "node_modules/@types/node": {
      "version": "25.6.0",
      "resolved": "https://registry.npmjs.org/@types/node/-/node-25.6.0.tgz",
      "integrity": "sha512-+qIYRKdNYJwY3vRCZMdJbPLJAtGjQBudzZzdzwQYkEPQd+PJGixUL5QfvCLDaULoLv+RhT3LDkwEfKaAkgSmNQ==",
      "dev": true,
      "license": "MIT",
      "dependencies": {
        "undici-types": "~7.19.0"
      }
    },
    "node_modules/javascript-state-machine": {
      "version": "3.1.0",
      "resolved": "https://registry.npmjs.org/javascript-state-machine/-/javascript-state-machine-3.1.0.tgz",
      "integrity": "sha512-BwhYxQ1OPenBPXC735RgfB+ZUG8H3kjsx8hrYTgWnoy6TPipEy4fiicyhT2lxRKAXq9pG7CfFT8a2HLr6Hmwxg==",
      "license": "MIT"
    },
    "node_modules/undici-types": {
      "version": "7.19.2",
      "resolved": "https://registry.npmjs.org/undici-types/-/undici-types-7.19.2.tgz",
      "integrity": "sha512-qYVnV5OEm2AW8cJMCpdV20CDyaN3g0AjDlOGf1OW4iaDEx8MwdtChUp4zu4H0VP3nDRF/8RKWH+IPp9uW0YGZg==",
      "dev": true,
      "license": "MIT"
    }
  }
}
